{
  "pins" : [
    {
      "identity" : "maplibre-gl-native-distribution",
      "kind" : "remoteSourceControl",
      "location" : "https://github.com/maplibre/maplibre-gl-native-distribution",
      "state" : {
        "revision" : "abe762f1e19e03a4c6943d2aad92c219da384b29",
        "version" : "6.5.4"
      }
    }
  ],
  "version" : 2
}
