{
  "originHash" : "b440cbd994821d1c59ef3fae39cdd359458004248a336c94f8a8b08f5fed3877",
  "pins" : [
    {
      "identity" : "maplibre-gl-native-distribution",
      "kind" : "remoteSourceControl",
      "location" : "https://github.com/maplibre/maplibre-gl-native-distribution",
      "state" : {
        "revision" : "93cb32c95b48f62edb27c75792038849cdfdaa35",
        "version" : "6.9.0"
      }
    }
  ],
  "version" : 3
}
