{
  "originHash" : "b440cbd994821d1c59ef3fae39cdd359458004248a336c94f8a8b08f5fed3877",
  "pins" : [
    {
      "identity" : "maplibre-gl-native-distribution",
      "kind" : "remoteSourceControl",
      "location" : "https://github.com/maplibre/maplibre-gl-native-distribution",
      "state" : {
        "revision" : "3615e3cc81b09b78b58b183660815b0f36107b3b",
        "version" : "6.10.0"
      }
    }
  ],
  "version" : 3
}
