{
  "originHash" : "e70d3525c8e2819a8b34f22909815dab5c700c25a06c32388f3930f7b3627768",
  "pins" : [
    {
      "identity" : "maplibre-gl-native-distribution",
      "kind" : "remoteSourceControl",
      "location" : "https://github.com/maplibre/maplibre-gl-native-distribution",
      "state" : {
        "revision" : "8efc83b8ae7f28e6ff82ec17ec1b2f3f4ec84fdc",
        "version" : "6.30.0"
      }
    }
  ],
  "version" : 3
}
