{
  "originHash" : "b440cbd994821d1c59ef3fae39cdd359458004248a336c94f8a8b08f5fed3877",
  "pins" : [
    {
      "identity" : "maplibre-gl-native-distribution",
      "kind" : "remoteSourceControl",
      "location" : "https://github.com/maplibre/maplibre-gl-native-distribution",
      "state" : {
        "revision" : "c68c970ff3ece56cfc3b36849db70167fa208beb",
        "version" : "6.17.1"
      }
    }
  ],
  "version" : 3
}
